Microsoft Visual Studio Solution File, Format Version 12.00
# Visual Studio 15
VisualStudioVersion = 15.0.27130.2020
MinimumVisualStudioVersion = 10.0.40219.1
Project("{9A19103F-16F7-4668-BE54-9A1E7A4F7556}") = "DayPrinter", "DayPrinter\DayPrinter.csproj", "{B3E76AAA-3BE8-49C7-A831-64EF68C6F28D}"
EndProject
Project("{9A19103F-16F7-4668-BE54-9A1E7A4F7556}") = "ElseIf", "ElseIf\ElseIf.csproj", "{C7008ACC-EE4B-49CC-B7FB-5F9F95E257A9}"
EndProject
Project("{9A19103F-16F7-4668-BE54-9A1E7A4F7556}") = "TempConv", "TempConv\TempConv.csproj", "{6D18F93D-E26F-4FF4-ABF2-1450FD9FB19D}"
EndProject
Project("{9A19103F-16F7-4668-BE54-9A1E7A4F7556}") = "HelloMethods", "HelloMethods\HelloMethods.csproj", "{9B69E0D2-FBD5-4FB4-9D40-768AE4F57300}"
EndProject
Project("{9A19103F-16F7-4668-BE54-9A1E7A4F7556}") = "Gradebook", "Gradebook\Gradebook.csproj", "{9E08496B-2501-4CBF-844F-8FD7BA97F4E6}"
EndProject
Project("{9A19103F-16F7-4668-BE54-9A1E7A4F7556}") = "GradebookDict", "GradebookDict\GradebookDict.csproj", "{EFCB1B91-2E92-478F-BFF7-013FF6911DCC}"
EndProject
Project("{9A19103F-16F7-4668-BE54-9A1E7A4F7556}") = "GradebookArray", "GradebookArray\GradebookArray.csproj", "{89051A0E-8D18-48C3-B4E6-D05F62D252CE}"
EndProject
Project("{FAE04EC0-301F-11D3-BF4B-00C04F79EFBC}") = "HelloWorld", "HelloWorld\HelloWorld.csproj", "{5EB08F6D-F033-46EE-8364-68290EBBADB2}"
EndProject
Project("{FAE04EC0-301F-11D3-BF4B-00C04F79EFBC}") = "RectangleArea", "RectangleArea\RectangleArea.csproj", "{51E459EC-968F-493F-A572-5C559CACD4EE}"
EndProject
Project("{FAE04EC0-301F-11D3-BF4B-00C04F79EFBC}") = "MilesPerGallon", "MilesPerGallon\MilesPerGallon.csproj", "{35318030-7059-4754-A285-5287B4BF35F4}"
EndProject
Project("{FAE04EC0-301F-11D3-BF4B-00C04F79EFBC}") = "AliceString", "AliceString\AliceString.csproj", "{74CC9487-4590-44BD-B5D5-273D30867EA1}"
EndProject
Project("{FAE04EC0-301F-11D3-BF4B-00C04F79EFBC}") = "Studio_Area", "Area\Studio_Area.csproj", "{1D9F56E5-F37A-4E4E-BB67-A70D7CEF06D6}"
EndProject
Project("{FAE04EC0-301F-11D3-BF4B-00C04F79EFBC}") = "EvenNumber", "EvenNumber\EvenNumber.csproj", "{B4EEE4D5-D55A-4031-B770-3FA75E5F5A8A}"
EndProject
Project("{FAE04EC0-301F-11D3-BF4B-00C04F79EFBC}") = "GradeBookStrBuilder", "GradeBook2\GradeBookStrBuilder.csproj", "{4651B9DE-5889-4981-8CEA-37A3A8ADF841}"
EndProject
Project("{FAE04EC0-301F-11D3-BF4B-00C04F79EFBC}") = "FiveLettersList", "FiveLettersList\FiveLettersList.csproj", "{B5DC72A5-FD5F-43D9-B706-342EB33DE634}"
EndProject
Project("{FAE04EC0-301F-11D3-BF4B-00C04F79EFBC}") = "ArrayOfThings", "ArrayOfThings\ArrayOfThings.csproj", "{DC767E9C-A837-49C8-9C07-E3B79A74DB49}"
EndProject
Project("{FAE04EC0-301F-11D3-BF4B-00C04F79EFBC}") = "StudentDict", "StudentDict\StudentDict.csproj", "{E078F824-400F-42E3-9C5B-8DF3AB0C73B0}"
EndProject
Project("{FAE04EC0-301F-11D3-BF4B-00C04F79EFBC}") = "Studio_CountingChar", "Studio_CountingChar\Studio_CountingChar.csproj", "{6B77B098-13D0-4A68-A4C9-955E359048B9}"
EndProject
Project("{9A19103F-16F7-4668-BE54-9A1E7A4F7556}") = "School", "School\School.csproj", "{AF942C6A-0898-4179-A34C-5C3E62254AB6}"
EndProject
Project("{FAE04EC0-301F-11D3-BF4B-00C04F79EFBC}") = "Restaurant", "Restaurant\Restaurant.csproj", "{BF4CB781-6CAE-4AC6-B876-6AA01D5F449D}"
EndProject
Global
	GlobalSection(SolutionConfigurationPlatforms) = preSolution
		Debug|Any CPU = Debug|Any CPU
		Release|Any CPU = Release|Any CPU
	EndGlobalSection
	GlobalSection(ProjectConfigurationPlatforms) = postSolution
		{B3E76AAA-3BE8-49C7-A831-64EF68C6F28D}.Debug|Any CPU.ActiveCfg = Debug|Any CPU
		{B3E76AAA-3BE8-49C7-A831-64EF68C6F28D}.Debug|Any CPU.Build.0 = Debug|Any CPU
		{B3E76AAA-3BE8-49C7-A831-64EF68C6F28D}.Release|Any CPU.ActiveCfg = Release|Any CPU
		{B3E76AAA-3BE8-49C7-A831-64EF68C6F28D}.Release|Any CPU.Build.0 = Release|Any CPU
		{C7008ACC-EE4B-49CC-B7FB-5F9F95E257A9}.Debug|Any CPU.ActiveCfg = Debug|Any CPU
		{C7008ACC-EE4B-49CC-B7FB-5F9F95E257A9}.Debug|Any CPU.Build.0 = Debug|Any CPU
		{C7008ACC-EE4B-49CC-B7FB-5F9F95E257A9}.Release|Any CPU.ActiveCfg = Release|Any CPU
		{C7008ACC-EE4B-49CC-B7FB-5F9F95E257A9}.Release|Any CPU.Build.0 = Release|Any CPU
		{6D18F93D-E26F-4FF4-ABF2-1450FD9FB19D}.Debug|Any CPU.ActiveCfg = Debug|Any CPU
		{6D18F93D-E26F-4FF4-ABF2-1450FD9FB19D}.Debug|Any CPU.Build.0 = Debug|Any CPU
		{6D18F93D-E26F-4FF4-ABF2-1450FD9FB19D}.Release|Any CPU.ActiveCfg = Release|Any CPU
		{6D18F93D-E26F-4FF4-ABF2-1450FD9FB19D}.Release|Any CPU.Build.0 = Release|Any CPU
		{9B69E0D2-FBD5-4FB4-9D40-768AE4F57300}.Debug|Any CPU.ActiveCfg = Debug|Any CPU
		{9B69E0D2-FBD5-4FB4-9D40-768AE4F57300}.Debug|Any CPU.Build.0 = Debug|Any CPU
		{9B69E0D2-FBD5-4FB4-9D40-768AE4F57300}.Release|Any CPU.ActiveCfg = Release|Any CPU
		{9B69E0D2-FBD5-4FB4-9D40-768AE4F57300}.Release|Any CPU.Build.0 = Release|Any CPU
		{9E08496B-2501-4CBF-844F-8FD7BA97F4E6}.Debug|Any CPU.ActiveCfg = Debug|Any CPU
		{9E08496B-2501-4CBF-844F-8FD7BA97F4E6}.Debug|Any CPU.Build.0 = Debug|Any CPU
		{9E08496B-2501-4CBF-844F-8FD7BA97F4E6}.Release|Any CPU.ActiveCfg = Release|Any CPU
		{9E08496B-2501-4CBF-844F-8FD7BA97F4E6}.Release|Any CPU.Build.0 = Release|Any CPU
		{EFCB1B91-2E92-478F-BFF7-013FF6911DCC}.Debug|Any CPU.ActiveCfg = Debug|Any CPU
		{EFCB1B91-2E92-478F-BFF7-013FF6911DCC}.Debug|Any CPU.Build.0 = Debug|Any CPU
		{EFCB1B91-2E92-478F-BFF7-013FF6911DCC}.Release|Any CPU.ActiveCfg = Release|Any CPU
		{EFCB1B91-2E92-478F-BFF7-013FF6911DCC}.Release|Any CPU.Build.0 = Release|Any CPU
		{89051A0E-8D18-48C3-B4E6-D05F62D252CE}.Debug|Any CPU.ActiveCfg = Debug|Any CPU
		{89051A0E-8D18-48C3-B4E6-D05F62D252CE}.Debug|Any CPU.Build.0 = Debug|Any CPU
		{89051A0E-8D18-48C3-B4E6-D05F62D252CE}.Release|Any CPU.ActiveCfg = Release|Any CPU
		{89051A0E-8D18-48C3-B4E6-D05F62D252CE}.Release|Any CPU.Build.0 = Release|Any CPU
		{5EB08F6D-F033-46EE-8364-68290EBBADB2}.Debug|Any CPU.ActiveCfg = Debug|Any CPU
		{5EB08F6D-F033-46EE-8364-68290EBBADB2}.Debug|Any CPU.Build.0 = Debug|Any CPU
		{5EB08F6D-F033-46EE-8364-68290EBBADB2}.Release|Any CPU.ActiveCfg = Release|Any CPU
		{5EB08F6D-F033-46EE-8364-68290EBBADB2}.Release|Any CPU.Build.0 = Release|Any CPU
		{51E459EC-968F-493F-A572-5C559CACD4EE}.Debug|Any CPU.ActiveCfg = Debug|Any CPU
		{51E459EC-968F-493F-A572-5C559CACD4EE}.Debug|Any CPU.Build.0 = Debug|Any CPU
		{51E459EC-968F-493F-A572-5C559CACD4EE}.Release|Any CPU.ActiveCfg = Release|Any CPU
		{51E459EC-968F-493F-A572-5C559CACD4EE}.Release|Any CPU.Build.0 = Release|Any CPU
		{35318030-7059-4754-A285-5287B4BF35F4}.Debug|Any CPU.ActiveCfg = Debug|Any CPU
		{35318030-7059-4754-A285-5287B4BF35F4}.Debug|Any CPU.Build.0 = Debug|Any CPU
		{35318030-7059-4754-A285-5287B4BF35F4}.Release|Any CPU.ActiveCfg = Release|Any CPU
		{35318030-7059-4754-A285-5287B4BF35F4}.Release|Any CPU.Build.0 = Release|Any CPU
		{74CC9487-4590-44BD-B5D5-273D30867EA1}.Debug|Any CPU.ActiveCfg = Debug|Any CPU
		{74CC9487-4590-44BD-B5D5-273D30867EA1}.Debug|Any CPU.Build.0 = Debug|Any CPU
		{74CC9487-4590-44BD-B5D5-273D30867EA1}.Release|Any CPU.ActiveCfg = Release|Any CPU
		{74CC9487-4590-44BD-B5D5-273D30867EA1}.Release|Any CPU.Build.0 = Release|Any CPU
		{1D9F56E5-F37A-4E4E-BB67-A70D7CEF06D6}.Debug|Any CPU.ActiveCfg = Debug|Any CPU
		{1D9F56E5-F37A-4E4E-BB67-A70D7CEF06D6}.Debug|Any CPU.Build.0 = Debug|Any CPU
		{1D9F56E5-F37A-4E4E-BB67-A70D7CEF06D6}.Release|Any CPU.ActiveCfg = Release|Any CPU
		{1D9F56E5-F37A-4E4E-BB67-A70D7CEF06D6}.Release|Any CPU.Build.0 = Release|Any CPU
		{B4EEE4D5-D55A-4031-B770-3FA75E5F5A8A}.Debug|Any CPU.ActiveCfg = Debug|Any CPU
		{B4EEE4D5-D55A-4031-B770-3FA75E5F5A8A}.Debug|Any CPU.Build.0 = Debug|Any CPU
		{B4EEE4D5-D55A-4031-B770-3FA75E5F5A8A}.Release|Any CPU.ActiveCfg = Release|Any CPU
		{B4EEE4D5-D55A-4031-B770-3FA75E5F5A8A}.Release|Any CPU.Build.0 = Release|Any CPU
		{4651B9DE-5889-4981-8CEA-37A3A8ADF841}.Debug|Any CPU.ActiveCfg = Debug|Any CPU
		{4651B9DE-5889-4981-8CEA-37A3A8ADF841}.Debug|Any CPU.Build.0 = Debug|Any CPU
		{4651B9DE-5889-4981-8CEA-37A3A8ADF841}.Release|Any CPU.ActiveCfg = Release|Any CPU
		{4651B9DE-5889-4981-8CEA-37A3A8ADF841}.Release|Any CPU.Build.0 = Release|Any CPU
		{B5DC72A5-FD5F-43D9-B706-342EB33DE634}.Debug|Any CPU.ActiveCfg = Debug|Any CPU
		{B5DC72A5-FD5F-43D9-B706-342EB33DE634}.Debug|Any CPU.Build.0 = Debug|Any CPU
		{B5DC72A5-FD5F-43D9-B706-342EB33DE634}.Release|Any CPU.ActiveCfg = Release|Any CPU
		{B5DC72A5-FD5F-43D9-B706-342EB33DE634}.Release|Any CPU.Build.0 = Release|Any CPU
		{DC767E9C-A837-49C8-9C07-E3B79A74DB49}.Debug|Any CPU.ActiveCfg = Debug|Any CPU
		{DC767E9C-A837-49C8-9C07-E3B79A74DB49}.Debug|Any CPU.Build.0 = Debug|Any CPU
		{DC767E9C-A837-49C8-9C07-E3B79A74DB49}.Release|Any CPU.ActiveCfg = Release|Any CPU
		{DC767E9C-A837-49C8-9C07-E3B79A74DB49}.Release|Any CPU.Build.0 = Release|Any CPU
		{E078F824-400F-42E3-9C5B-8DF3AB0C73B0}.Debug|Any CPU.ActiveCfg = Debug|Any CPU
		{E078F824-400F-42E3-9C5B-8DF3AB0C73B0}.Debug|Any CPU.Build.0 = Debug|Any CPU
		{E078F824-400F-42E3-9C5B-8DF3AB0C73B0}.Release|Any CPU.ActiveCfg = Release|Any CPU
		{E078F824-400F-42E3-9C5B-8DF3AB0C73B0}.Release|Any CPU.Build.0 = Release|Any CPU
		{6B77B098-13D0-4A68-A4C9-955E359048B9}.Debug|Any CPU.ActiveCfg = Debug|Any CPU
		{6B77B098-13D0-4A68-A4C9-955E359048B9}.Debug|Any CPU.Build.0 = Debug|Any CPU
		{6B77B098-13D0-4A68-A4C9-955E359048B9}.Release|Any CPU.ActiveCfg = Release|Any CPU
		{6B77B098-13D0-4A68-A4C9-955E359048B9}.Release|Any CPU.Build.0 = Release|Any CPU
		{AF942C6A-0898-4179-A34C-5C3E62254AB6}.Debug|Any CPU.ActiveCfg = Debug|Any CPU
		{AF942C6A-0898-4179-A34C-5C3E62254AB6}.Debug|Any CPU.Build.0 = Debug|Any CPU
		{AF942C6A-0898-4179-A34C-5C3E62254AB6}.Release|Any CPU.ActiveCfg = Release|Any CPU
		{AF942C6A-0898-4179-A34C-5C3E62254AB6}.Release|Any CPU.Build.0 = Release|Any CPU
		{BF4CB781-6CAE-4AC6-B876-6AA01D5F449D}.Debug|Any CPU.ActiveCfg = Debug|Any CPU
		{BF4CB781-6CAE-4AC6-B876-6AA01D5F449D}.Debug|Any CPU.Build.0 = Debug|Any CPU
		{BF4CB781-6CAE-4AC6-B876-6AA01D5F449D}.Release|Any CPU.ActiveCfg = Release|Any CPU
		{BF4CB781-6CAE-4AC6-B876-6AA01D5F449D}.Release|Any CPU.Build.0 = Release|Any CPU
	EndGlobalSection
	GlobalSection(SolutionProperties) = preSolution
		HideSolutionNode = FALSE
	EndGlobalSection
	GlobalSection(ExtensibilityGlobals) = postSolution
		SolutionGuid = {8B6B47CD-C6E0-47B0-BE25-3B0A95B4041F}
	EndGlobalSection
EndGlobal
